# THIS IS AN AUTOGENERATED FILE. DO NOT EDIT THIS FILE DIRECTLY.
# yarn lockfile v1


"@rsthn/cherry@^2.0":
  version "2.0.26"
  resolved "https://registry.yarnpkg.com/@rsthn/cherry/-/cherry-2.0.26.tgz#8182c229753aae7f890cc15d5316884bd840db1a"
  integrity sha512-k4CkKkWXuJm7Z3rA596yaQgZTUYDTzxRwYCUYO7aVuXzgIyuSzMgUp8zORIA7y4nKJ0HGCHCsEOwMbPScXQpRg==
  dependencies:
    "@rsthn/rin" "^2.0.24"
    filereader "^0.10.3"
    image-size "^0.8.3"

"@rsthn/rin@^2.0.24":
  version "2.0.24"
  resolved "https://registry.yarnpkg.com/@rsthn/rin/-/rin-2.0.24.tgz#416cbf62ec5bf9891a912e0b9294b48890604c27"
  integrity sha512-ySE1uHFtLhkqdArtc837c73U6qIdpQqGCc9hhwuo+GrgfCEP985+SaW/FN7Poxtpinedu5cZPp/y18RoScWZhA==
  dependencies:
    base-64 "^1.0.0"
    node-fetch "^2.6.1"

base-64@^1.0.0:
  version "1.0.0"
  resolved "https://registry.yarnpkg.com/base-64/-/base-64-1.0.0.tgz#09d0f2084e32a3fd08c2475b973788eee6ae8f4a"
  integrity sha512-kwDPIFCGx0NZHog36dj+tHiwP4QMzsZ3AgMViUBKI0+V5n4U0ufTCUMhnQ04diaRI8EX/QcPfql7zlhZ7j4zgg==

filereader@^0.10.3:
  version "0.10.3"
  resolved "https://registry.yarnpkg.com/filereader/-/filereader-0.10.3.tgz#c747d4a2cd8f61e5418a7c07fe1257a43f0acdb1"
  integrity sha1-x0fUos2PYeVBinwH/hJXpD8KzbE=

image-size@^0.8.3:
  version "0.8.3"
  resolved "https://registry.yarnpkg.com/image-size/-/image-size-0.8.3.tgz#f0b568857e034f29baffd37013587f2c0cad8b46"
  integrity sha512-SMtq1AJ+aqHB45c3FsB4ERK0UCiA2d3H1uq8s+8T0Pf8A3W4teyBQyaFaktH6xvZqh+npwlKU7i4fJo0r7TYTg==
  dependencies:
    queue "6.0.1"

inherits@~2.0.3:
  version "2.0.4"
  resolved "https://registry.yarnpkg.com/inherits/-/inherits-2.0.4.tgz#0fa2c64f932917c3433a0ded55363aae37416b7c"
  integrity sha512-k/vGaX4/Yla3WzyMCvTQOXYeIHvqOKtnqBduzTHpzpQZzAskKMhZ2K+EnBiSM9zGSoIFeMpXKxa4dYeZIQqewQ==

node-fetch@^2.6.1:
  version "2.6.1"
  resolved "https://registry.yarnpkg.com/node-fetch/-/node-fetch-2.6.1.tgz#045bd323631f76ed2e2b55573394416b639a0052"
  integrity sha512-V4aYg89jEoVRxRb2fJdAg8FHvI7cEyYdVAh94HH0UIK8oJxUfkjlDQN9RbMx+bEjP7+ggMiFRprSti032Oipxw==

queue@6.0.1:
  version "6.0.1"
  resolved "https://registry.yarnpkg.com/queue/-/queue-6.0.1.tgz#abd5a5b0376912f070a25729e0b6a7d565683791"
  integrity sha512-AJBQabRCCNr9ANq8v77RJEv73DPbn55cdTb+Giq4X0AVnNVZvMHlYp7XlQiN+1npCZj1DuSmaA2hYVUUDgxFDg==
  dependencies:
    inherits "~2.0.3"
